
Microsoft Visual Studio Solution File, Format Version 12.00
# Visual Studio Version 17
VisualStudioVersion = 17.4.33205.214
MinimumVisualStudioVersion = 10.0.40219.1
Project("{FAE04EC0-301F-11D3-BF4B-00C04F79EFBC}") = "MuntersHomeTask", "MuntersHomeTask\MuntersHomeTask.csproj", "{64965562-0E9E-418C-98EE-9D874A41DBE5}"
EndProject
Global
	GlobalSection(SolutionConfigurationPlatforms) = preSolution
		Debug|Any CPU = Debug|Any CPU
		Release|Any CPU = Release|Any CPU
	EndGlobalSection
	GlobalSection(ProjectConfigurationPlatforms) = postSolution
		{64965562-0E9E-418C-98EE-9D874A41DBE5}.Debug|Any CPU.ActiveCfg = Debug|Any CPU
		{64965562-0E9E-418C-98EE-9D874A41DBE5}.Debug|Any CPU.Build.0 = Debug|Any CPU
		{64965562-0E9E-418C-98EE-9D874A41DBE5}.Release|Any CPU.ActiveCfg = Release|Any CPU
		{64965562-0E9E-418C-98EE-9D874A41DBE5}.Release|Any CPU.Build.0 = Release|Any CPU
	EndGlobalSection
	GlobalSection(SolutionProperties) = preSolution
		HideSolutionNode = FALSE
	EndGlobalSection
	GlobalSection(ExtensibilityGlobals) = postSolution
		SolutionGuid = {4871AE5A-F464-4940-9BB5-E3D91E0B845F}
	EndGlobalSection
EndGlobal
